
Microsoft Visual Studio Solution File, Format Version 11.00
# Visual Studio 2010
Project("{FAE04EC0-301F-11D3-BF4B-00C04F79EFBC}") = "Plossum", "Plossum.csproj", "{156BF637-7F50-4EC8-8476-D4E162335364}"
EndProject
Global
	GlobalSection(SolutionConfigurationPlatforms) = preSolution
		Debug|Any CPU = Debug|Any CPU
		Release|Any CPU = Release|Any CPU
	EndGlobalSection
	GlobalSection(ProjectConfigurationPlatforms) = postSolution
		{156BF637-7F50-4EC8-8476-D4E162335364}.Debug|Any CPU.ActiveCfg = Debug|Any CPU
		{156BF637-7F50-4EC8-8476-D4E162335364}.Debug|Any CPU.Build.0 = Debug|Any CPU
		{156BF637-7F50-4EC8-8476-D4E162335364}.Release|Any CPU.ActiveCfg = Release|Any CPU
		{156BF637-7F50-4EC8-8476-D4E162335364}.Release|Any CPU.Build.0 = Release|Any CPU
	EndGlobalSection
	GlobalSection(SolutionProperties) = preSolution
		HideSolutionNode = FALSE
	EndGlobalSection
EndGlobal
